
Microsoft Visual Studio Solution File, Format Version 10.00
# Visual Studio 2008
Project("{FAE04EC0-301F-11D3-BF4B-00C04F79EFBC}") = "NTestify", "Src\NTestify\NTestify.csproj", "{F7D5A8C5-1B6D-40FA-A229-EC9DBDCFA6CD}"
EndProject
Project("{FAE04EC0-301F-11D3-BF4B-00C04F79EFBC}") = "NTestify.Tests", "Tests\NTestify.Tests\NTestify.Tests.csproj", "{0BCC1AE4-CA8D-460B-B5CC-4F2AFE3D5E20}"
EndProject
Project("{FAE04EC0-301F-11D3-BF4B-00C04F79EFBC}") = "NTestify.ConsoleRunner", "Src\NTestify.ConsoleRunner\NTestify.ConsoleRunner.csproj", "{E8F8F752-CC42-4AB9-8357-87502A9FA5D8}"
EndProject
Project("{FAE04EC0-301F-11D3-BF4B-00C04F79EFBC}") = "NTestify.Sample", "Sample\NTestify.Sample\NTestify.Sample.csproj", "{5C84E8CA-6945-449F-BEAD-70568E7D1B4E}"
EndProject
Project("{FAE04EC0-301F-11D3-BF4B-00C04F79EFBC}") = "NTestify.Mock", "Src\NTestify.Mock\NTestify.Mock.csproj", "{3C4D948E-3B21-4429-9DD1-5F5543F2BA1E}"
EndProject
Project("{2150E333-8FDC-42A3-9474-1A3956D46DE8}") = "Sample", "Sample", "{AB6CB1D0-744E-4E13-AC16-93E95F9D8FED}"
EndProject
Project("{FAE04EC0-301F-11D3-BF4B-00C04F79EFBC}") = "NTestify.Sample2", "Sample\NTestify.Sample2\NTestify.Sample2.csproj", "{47A1DAB4-B09F-4258-8D27-EE330A0D5E29}"
EndProject
Global
	GlobalSection(SolutionConfigurationPlatforms) = preSolution
		Debug|Any CPU = Debug|Any CPU
		Release|Any CPU = Release|Any CPU
	EndGlobalSection
	GlobalSection(ProjectConfigurationPlatforms) = postSolution
		{F7D5A8C5-1B6D-40FA-A229-EC9DBDCFA6CD}.Debug|Any CPU.ActiveCfg = Debug|Any CPU
		{F7D5A8C5-1B6D-40FA-A229-EC9DBDCFA6CD}.Debug|Any CPU.Build.0 = Debug|Any CPU
		{F7D5A8C5-1B6D-40FA-A229-EC9DBDCFA6CD}.Release|Any CPU.ActiveCfg = Release|Any CPU
		{F7D5A8C5-1B6D-40FA-A229-EC9DBDCFA6CD}.Release|Any CPU.Build.0 = Release|Any CPU
		{0BCC1AE4-CA8D-460B-B5CC-4F2AFE3D5E20}.Debug|Any CPU.ActiveCfg = Debug|Any CPU
		{0BCC1AE4-CA8D-460B-B5CC-4F2AFE3D5E20}.Debug|Any CPU.Build.0 = Debug|Any CPU
		{0BCC1AE4-CA8D-460B-B5CC-4F2AFE3D5E20}.Release|Any CPU.ActiveCfg = Release|Any CPU
		{0BCC1AE4-CA8D-460B-B5CC-4F2AFE3D5E20}.Release|Any CPU.Build.0 = Release|Any CPU
		{E8F8F752-CC42-4AB9-8357-87502A9FA5D8}.Debug|Any CPU.ActiveCfg = Debug|Any CPU
		{E8F8F752-CC42-4AB9-8357-87502A9FA5D8}.Debug|Any CPU.Build.0 = Debug|Any CPU
		{E8F8F752-CC42-4AB9-8357-87502A9FA5D8}.Release|Any CPU.ActiveCfg = Release|Any CPU
		{E8F8F752-CC42-4AB9-8357-87502A9FA5D8}.Release|Any CPU.Build.0 = Release|Any CPU
		{5C84E8CA-6945-449F-BEAD-70568E7D1B4E}.Debug|Any CPU.ActiveCfg = Debug|Any CPU
		{5C84E8CA-6945-449F-BEAD-70568E7D1B4E}.Debug|Any CPU.Build.0 = Debug|Any CPU
		{5C84E8CA-6945-449F-BEAD-70568E7D1B4E}.Release|Any CPU.ActiveCfg = Release|Any CPU
		{5C84E8CA-6945-449F-BEAD-70568E7D1B4E}.Release|Any CPU.Build.0 = Release|Any CPU
		{3C4D948E-3B21-4429-9DD1-5F5543F2BA1E}.Debug|Any CPU.ActiveCfg = Debug|Any CPU
		{3C4D948E-3B21-4429-9DD1-5F5543F2BA1E}.Debug|Any CPU.Build.0 = Debug|Any CPU
		{3C4D948E-3B21-4429-9DD1-5F5543F2BA1E}.Release|Any CPU.ActiveCfg = Release|Any CPU
		{3C4D948E-3B21-4429-9DD1-5F5543F2BA1E}.Release|Any CPU.Build.0 = Release|Any CPU
		{47A1DAB4-B09F-4258-8D27-EE330A0D5E29}.Debug|Any CPU.ActiveCfg = Debug|Any CPU
		{47A1DAB4-B09F-4258-8D27-EE330A0D5E29}.Debug|Any CPU.Build.0 = Debug|Any CPU
		{47A1DAB4-B09F-4258-8D27-EE330A0D5E29}.Release|Any CPU.ActiveCfg = Release|Any CPU
		{47A1DAB4-B09F-4258-8D27-EE330A0D5E29}.Release|Any CPU.Build.0 = Release|Any CPU
	EndGlobalSection
	GlobalSection(SolutionProperties) = preSolution
		HideSolutionNode = FALSE
	EndGlobalSection
	GlobalSection(NestedProjects) = preSolution
		{5C84E8CA-6945-449F-BEAD-70568E7D1B4E} = {AB6CB1D0-744E-4E13-AC16-93E95F9D8FED}
		{47A1DAB4-B09F-4258-8D27-EE330A0D5E29} = {AB6CB1D0-744E-4E13-AC16-93E95F9D8FED}
	EndGlobalSection
EndGlobal
