
Microsoft Visual Studio Solution File, Format Version 10.00
# Visual Studio 2008
Project("{FAE04EC0-301F-11D3-BF4B-00C04F79EFBC}") = "NTestify", "Src\NTestify\NTestify.csproj", "{F7D5A8C5-1B6D-40FA-A229-EC9DBDCFA6CD}"
EndProject
Project("{FAE04EC0-301F-11D3-BF4B-00C04F79EFBC}") = "NTestify.Tests", "Tests\NTestify.Tests\NTestify.Tests.csproj", "{0BCC1AE4-CA8D-460B-B5CC-4F2AFE3D5E20}"
EndProject
Global
	GlobalSection(SolutionConfigurationPlatforms) = preSolution
		Debug|Any CPU = Debug|Any CPU
		Release|Any CPU = Release|Any CPU
	EndGlobalSection
	GlobalSection(ProjectConfigurationPlatforms) = postSolution
		{F7D5A8C5-1B6D-40FA-A229-EC9DBDCFA6CD}.Debug|Any CPU.ActiveCfg = Debug|Any CPU
		{F7D5A8C5-1B6D-40FA-A229-EC9DBDCFA6CD}.Debug|Any CPU.Build.0 = Debug|Any CPU
		{F7D5A8C5-1B6D-40FA-A229-EC9DBDCFA6CD}.Release|Any CPU.ActiveCfg = Release|Any CPU
		{F7D5A8C5-1B6D-40FA-A229-EC9DBDCFA6CD}.Release|Any CPU.Build.0 = Release|Any CPU
		{0BCC1AE4-CA8D-460B-B5CC-4F2AFE3D5E20}.Debug|Any CPU.ActiveCfg = Debug|Any CPU
		{0BCC1AE4-CA8D-460B-B5CC-4F2AFE3D5E20}.Debug|Any CPU.Build.0 = Debug|Any CPU
		{0BCC1AE4-CA8D-460B-B5CC-4F2AFE3D5E20}.Release|Any CPU.ActiveCfg = Release|Any CPU
		{0BCC1AE4-CA8D-460B-B5CC-4F2AFE3D5E20}.Release|Any CPU.Build.0 = Release|Any CPU
	EndGlobalSection
	GlobalSection(SolutionProperties) = preSolution
		HideSolutionNode = FALSE
	EndGlobalSection
EndGlobal
